
Microsoft Visual Studio Solution File, Format Version 12.00
# Visual Studio Version 17
VisualStudioVersion = 17.8.34525.116
MinimumVisualStudioVersion = 10.0.40219.1
Project("{9A19103F-16F7-4668-BE54-9A1E7A4F7556}") = "ST10258941_PROG6221Tests", "ST10258941_PROG6221Tests\ST10258941_PROG6221Tests.csproj", "{73D7ECE0-1DD0-4BBC-B95E-F48E2CC232F3}"
EndProject
Project("{FAE04EC0-301F-11D3-BF4B-00C04F79EFBC}") = "WpfApp2", "WpfApp2\WpfApp2.csproj", "{9F3820B8-981F-49E7-9E03-626C85302513}"
EndProject
Project("{FAE04EC0-301F-11D3-BF4B-00C04F79EFBC}") = "ST10258941_PROG6221_3", "ST10258941_PROG6221_3\ST10258941_PROG6221_3.csproj", "{A54FA9F0-DC67-4650-8554-FA1C5D89E1CF}"
EndProject
Global
	GlobalSection(SolutionConfigurationPlatforms) = preSolution
		Debug|Any CPU = Debug|Any CPU
		Release|Any CPU = Release|Any CPU
	EndGlobalSection
	GlobalSection(ProjectConfigurationPlatforms) = postSolution
		{73D7ECE0-1DD0-4BBC-B95E-F48E2CC232F3}.Debug|Any CPU.ActiveCfg = Debug|Any CPU
		{73D7ECE0-1DD0-4BBC-B95E-F48E2CC232F3}.Debug|Any CPU.Build.0 = Debug|Any CPU
		{73D7ECE0-1DD0-4BBC-B95E-F48E2CC232F3}.Release|Any CPU.ActiveCfg = Release|Any CPU
		{73D7ECE0-1DD0-4BBC-B95E-F48E2CC232F3}.Release|Any CPU.Build.0 = Release|Any CPU
		{9F3820B8-981F-49E7-9E03-626C85302513}.Debug|Any CPU.ActiveCfg = Debug|Any CPU
		{9F3820B8-981F-49E7-9E03-626C85302513}.Debug|Any CPU.Build.0 = Debug|Any CPU
		{9F3820B8-981F-49E7-9E03-626C85302513}.Release|Any CPU.ActiveCfg = Release|Any CPU
		{9F3820B8-981F-49E7-9E03-626C85302513}.Release|Any CPU.Build.0 = Release|Any CPU
		{A54FA9F0-DC67-4650-8554-FA1C5D89E1CF}.Debug|Any CPU.ActiveCfg = Debug|Any CPU
		{A54FA9F0-DC67-4650-8554-FA1C5D89E1CF}.Debug|Any CPU.Build.0 = Debug|Any CPU
		{A54FA9F0-DC67-4650-8554-FA1C5D89E1CF}.Release|Any CPU.ActiveCfg = Release|Any CPU
		{A54FA9F0-DC67-4650-8554-FA1C5D89E1CF}.Release|Any CPU.Build.0 = Release|Any CPU
	EndGlobalSection
	GlobalSection(SolutionProperties) = preSolution
		HideSolutionNode = FALSE
	EndGlobalSection
	GlobalSection(ExtensibilityGlobals) = postSolution
		SolutionGuid = {388DFE64-9E51-409C-83AD-B75AEF53E2B5}
	EndGlobalSection
EndGlobal
